
Microsoft Visual Studio Solution File, Format Version 12.00
# Visual Studio Version 17
VisualStudioVersion = 17.0.31919.166
MinimumVisualStudioVersion = 10.0.40219.1
Project("{FAE04EC0-301F-11D3-BF4B-00C04F79EFBC}") = "WebApi", "WebApi\WebApi.csproj", "{53298603-E45C-4655-84A9-CBEAA3A2B815}"
EndProject
Global
	GlobalSection(SolutionConfigurationPlatforms) = preSolution
		Debug|Any CPU = Debug|Any CPU
		Release|Any CPU = Release|Any CPU
	EndGlobalSection
	GlobalSection(ProjectConfigurationPlatforms) = postSolution
		{53298603-E45C-4655-84A9-CBEAA3A2B815}.Debug|Any CPU.ActiveCfg = Debug|Any CPU
		{53298603-E45C-4655-84A9-CBEAA3A2B815}.Debug|Any CPU.Build.0 = Debug|Any CPU
		{53298603-E45C-4655-84A9-CBEAA3A2B815}.Release|Any CPU.ActiveCfg = Release|Any CPU
		{53298603-E45C-4655-84A9-CBEAA3A2B815}.Release|Any CPU.Build.0 = Release|Any CPU
	EndGlobalSection
	GlobalSection(SolutionProperties) = preSolution
		HideSolutionNode = FALSE
	EndGlobalSection
	GlobalSection(ExtensibilityGlobals) = postSolution
		SolutionGuid = {58A2037F-BBE0-411A-B99C-FD8877CEC0E6}
	EndGlobalSection
EndGlobal
